
Microsoft Visual Studio Solution File, Format Version 12.00
# Visual Studio Version 17
VisualStudioVersion = 17.8.34316.72
MinimumVisualStudioVersion = 10.0.40219.1
Project("{9A19103F-16F7-4668-BE54-9A1E7A4F7556}") = "ReversePolishCalc", "ReversePolishCalc\ReversePolishCalc.csproj", "{BEFE240D-AD15-4E59-8B42-F546239A0326}"
EndProject
Project("{9A19103F-16F7-4668-BE54-9A1E7A4F7556}") = "RPNTests", "RPNTests\RPNTests.csproj", "{C22EEACF-B69C-4EE7-ADAD-585C07A13736}"
EndProject
Project("{FAE04EC0-301F-11D3-BF4B-00C04F79EFBC}") = "ShuntingYard", "ShuntingYard\ShuntingYard.csproj", "{6C1E28F2-9131-4667-BB1C-348E62E93292}"
EndProject
Global
	GlobalSection(SolutionConfigurationPlatforms) = preSolution
		Debug|Any CPU = Debug|Any CPU
		Release|Any CPU = Release|Any CPU
	EndGlobalSection
	GlobalSection(ProjectConfigurationPlatforms) = postSolution
		{BEFE240D-AD15-4E59-8B42-F546239A0326}.Debug|Any CPU.ActiveCfg = Debug|Any CPU
		{BEFE240D-AD15-4E59-8B42-F546239A0326}.Debug|Any CPU.Build.0 = Debug|Any CPU
		{BEFE240D-AD15-4E59-8B42-F546239A0326}.Release|Any CPU.ActiveCfg = Release|Any CPU
		{BEFE240D-AD15-4E59-8B42-F546239A0326}.Release|Any CPU.Build.0 = Release|Any CPU
		{C22EEACF-B69C-4EE7-ADAD-585C07A13736}.Debug|Any CPU.ActiveCfg = Debug|Any CPU
		{C22EEACF-B69C-4EE7-ADAD-585C07A13736}.Debug|Any CPU.Build.0 = Debug|Any CPU
		{C22EEACF-B69C-4EE7-ADAD-585C07A13736}.Release|Any CPU.ActiveCfg = Release|Any CPU
		{C22EEACF-B69C-4EE7-ADAD-585C07A13736}.Release|Any CPU.Build.0 = Release|Any CPU
		{6C1E28F2-9131-4667-BB1C-348E62E93292}.Debug|Any CPU.ActiveCfg = Debug|Any CPU
		{6C1E28F2-9131-4667-BB1C-348E62E93292}.Debug|Any CPU.Build.0 = Debug|Any CPU
		{6C1E28F2-9131-4667-BB1C-348E62E93292}.Release|Any CPU.ActiveCfg = Release|Any CPU
		{6C1E28F2-9131-4667-BB1C-348E62E93292}.Release|Any CPU.Build.0 = Release|Any CPU
	EndGlobalSection
	GlobalSection(SolutionProperties) = preSolution
		HideSolutionNode = FALSE
	EndGlobalSection
	GlobalSection(ExtensibilityGlobals) = postSolution
		SolutionGuid = {96458F9C-DE61-42FD-828C-28F76B3C43B2}
	EndGlobalSection
EndGlobal
